
Microsoft Visual Studio Solution File, Format Version 12.00
# Visual Studio Version 17
VisualStudioVersion = 17.4.33213.308
MinimumVisualStudioVersion = 10.0.40219.1
Project("{FAE04EC0-301F-11D3-BF4B-00C04F79EFBC}") = "Stadium", "Stadium.csproj", "{582A1BC8-C56E-4A55-81D0-ECE2AAD0C3CC}"
EndProject
Global
	GlobalSection(SolutionConfigurationPlatforms) = preSolution
		Debug|Any CPU = Debug|Any CPU
		Release|Any CPU = Release|Any CPU
	EndGlobalSection
	GlobalSection(ProjectConfigurationPlatforms) = postSolution
		{582A1BC8-C56E-4A55-81D0-ECE2AAD0C3CC}.Debug|Any CPU.ActiveCfg = Debug|Any CPU
		{582A1BC8-C56E-4A55-81D0-ECE2AAD0C3CC}.Debug|Any CPU.Build.0 = Debug|Any CPU
		{582A1BC8-C56E-4A55-81D0-ECE2AAD0C3CC}.Release|Any CPU.ActiveCfg = Release|Any CPU
		{582A1BC8-C56E-4A55-81D0-ECE2AAD0C3CC}.Release|Any CPU.Build.0 = Release|Any CPU
	EndGlobalSection
	GlobalSection(SolutionProperties) = preSolution
		HideSolutionNode = FALSE
	EndGlobalSection
	GlobalSection(ExtensibilityGlobals) = postSolution
		SolutionGuid = {22B1DBFA-024D-450B-B671-C02209AC4278}
	EndGlobalSection
EndGlobal
